
Microsoft Visual Studio Solution File, Format Version 12.00
# Visual Studio Version 17
VisualStudioVersion = 17.11.35222.181
MinimumVisualStudioVersion = 10.0.40219.1
Project("{8BC9CEB8-8B4A-11D0-8D11-00A0C91BC942}") = "Project2", "Project2\Project2.vcxproj", "{5B2767E6-BABA-4EEA-8F56-C00A44600135}"
EndProject
Global
	GlobalSection(SolutionConfigurationPlatforms) = preSolution
		Debug|x64 = Debug|x64
		Debug|x86 = Debug|x86
		Release|x64 = Release|x64
		Release|x86 = Release|x86
	EndGlobalSection
	GlobalSection(ProjectConfigurationPlatforms) = postSolution
		{5B2767E6-BABA-4EEA-8F56-C00A44600135}.Debug|x64.ActiveCfg = Debug|x64
		{5B2767E6-BABA-4EEA-8F56-C00A44600135}.Debug|x64.Build.0 = Debug|x64
		{5B2767E6-BABA-4EEA-8F56-C00A44600135}.Debug|x86.ActiveCfg = Debug|Win32
		{5B2767E6-BABA-4EEA-8F56-C00A44600135}.Debug|x86.Build.0 = Debug|Win32
		{5B2767E6-BABA-4EEA-8F56-C00A44600135}.Release|x64.ActiveCfg = Release|x64
		{5B2767E6-BABA-4EEA-8F56-C00A44600135}.Release|x64.Build.0 = Release|x64
		{5B2767E6-BABA-4EEA-8F56-C00A44600135}.Release|x86.ActiveCfg = Release|Win32
		{5B2767E6-BABA-4EEA-8F56-C00A44600135}.Release|x86.Build.0 = Release|Win32
	EndGlobalSection
	GlobalSection(SolutionProperties) = preSolution
		HideSolutionNode = FALSE
	EndGlobalSection
	GlobalSection(ExtensibilityGlobals) = postSolution
		SolutionGuid = {AD27A0C1-3A7A-4C5C-91CC-8A4EBFCCD01D}
	EndGlobalSection
EndGlobal
